
Microsoft Visual Studio Solution File, Format Version 12.00
# Visual Studio 15
VisualStudioVersion = 15.0.25807.0
MinimumVisualStudioVersion = 10.0.40219.1
Project("{2150E333-8FDC-42A3-9474-1A3956D46DE8}") = "Engine", "Engine", "{F3A0AAE4-3FFF-420F-8056-3C70CC67D7A4}"
EndProject
Project("{2150E333-8FDC-42A3-9474-1A3956D46DE8}") = "Games", "Games", "{0017CE4B-913F-4F61-B586-C66C0B90BE06}"
EndProject
Project("{8BC9CEB8-8B4A-11D0-8D11-00A0C91BC942}") = "SpaceForce", "Intermediate\ProjectFiles\SpaceForce.vcxproj", "{E28EC52F-B627-4A28-A070-CF9072952451}"
EndProject
Project("{8BC9CEB8-8B4A-11D0-8D11-00A0C91BC942}") = "UE4", "Intermediate\ProjectFiles\UE4.vcxproj", "{F2F0740D-658D-4579-8E2E-A445DEF2FF5E}"
EndProject
Project("{2150E333-8FDC-42A3-9474-1A3956D46DE8}") = "Visualizers", "Visualizers", "{C2D5DF36-A581-4D68-A16F-EB158D3C53FA}"
	ProjectSection(SolutionItems) = preProject
		C:\Program Files\Epic Games\UE_4.24\Engine\Extras\VisualStudioDebugging\UE4.natvis = C:\Program Files\Epic Games\UE_4.24\Engine\Extras\VisualStudioDebugging\UE4.natvis
	EndProjectSection
EndProject
Global
	GlobalSection(SolutionConfigurationPlatforms) = preSolution
		DebugGame Editor|Linux = DebugGame Editor|Linux
		DebugGame Editor|LinuxAArch64 = DebugGame Editor|LinuxAArch64
		DebugGame Editor|Win32 = DebugGame Editor|Win32
		DebugGame Editor|Win64 = DebugGame Editor|Win64
		DebugGame|Linux = DebugGame|Linux
		DebugGame|LinuxAArch64 = DebugGame|LinuxAArch64
		DebugGame|Win32 = DebugGame|Win32
		DebugGame|Win64 = DebugGame|Win64
		Development Editor|Linux = Development Editor|Linux
		Development Editor|LinuxAArch64 = Development Editor|LinuxAArch64
		Development Editor|Win32 = Development Editor|Win32
		Development Editor|Win64 = Development Editor|Win64
		Development|Linux = Development|Linux
		Development|LinuxAArch64 = Development|LinuxAArch64
		Development|Win32 = Development|Win32
		Development|Win64 = Development|Win64
		Shipping|Linux = Shipping|Linux
		Shipping|LinuxAArch64 = Shipping|LinuxAArch64
		Shipping|Win32 = Shipping|Win32
		Shipping|Win64 = Shipping|Win64
	EndGlobalSection
	GlobalSection(ProjectConfigurationPlatforms) = postSolution
		{E28EC52F-B627-4A28-A070-CF9072952451}.DebugGame Editor|Linux.ActiveCfg = Linux_DebugGame_Editor|Win32
		{E28EC52F-B627-4A28-A070-CF9072952451}.DebugGame Editor|Linux.Build.0 = Linux_DebugGame_Editor|Win32
		{E28EC52F-B627-4A28-A070-CF9072952451}.DebugGame Editor|LinuxAArch64.ActiveCfg = Invalid|Win32
		{E28EC52F-B627-4A28-A070-CF9072952451}.DebugGame Editor|Win32.ActiveCfg = Invalid|Win32
		{E28EC52F-B627-4A28-A070-CF9072952451}.DebugGame Editor|Win64.ActiveCfg = DebugGame_Editor|x64
		{E28EC52F-B627-4A28-A070-CF9072952451}.DebugGame Editor|Win64.Build.0 = DebugGame_Editor|x64
		{E28EC52F-B627-4A28-A070-CF9072952451}.DebugGame|Linux.ActiveCfg = Linux_DebugGame|Win32
		{E28EC52F-B627-4A28-A070-CF9072952451}.DebugGame|Linux.Build.0 = Linux_DebugGame|Win32
		{E28EC52F-B627-4A28-A070-CF9072952451}.DebugGame|LinuxAArch64.ActiveCfg = LinuxAArch64_DebugGame|Win32
		{E28EC52F-B627-4A28-A070-CF9072952451}.DebugGame|LinuxAArch64.Build.0 = LinuxAArch64_DebugGame|Win32
		{E28EC52F-B627-4A28-A070-CF9072952451}.DebugGame|Win32.ActiveCfg = DebugGame|Win32
		{E28EC52F-B627-4A28-A070-CF9072952451}.DebugGame|Win32.Build.0 = DebugGame|Win32
		{E28EC52F-B627-4A28-A070-CF9072952451}.DebugGame|Win64.ActiveCfg = DebugGame|x64
		{E28EC52F-B627-4A28-A070-CF9072952451}.DebugGame|Win64.Build.0 = DebugGame|x64
		{E28EC52F-B627-4A28-A070-CF9072952451}.Development Editor|Linux.ActiveCfg = Linux_Development_Editor|Win32
		{E28EC52F-B627-4A28-A070-CF9072952451}.Development Editor|Linux.Build.0 = Linux_Development_Editor|Win32
		{E28EC52F-B627-4A28-A070-CF9072952451}.Development Editor|LinuxAArch64.ActiveCfg = Invalid|Win32
		{E28EC52F-B627-4A28-A070-CF9072952451}.Development Editor|Win32.ActiveCfg = Invalid|Win32
		{E28EC52F-B627-4A28-A070-CF9072952451}.Development Editor|Win64.ActiveCfg = Development_Editor|x64
		{E28EC52F-B627-4A28-A070-CF9072952451}.Development Editor|Win64.Build.0 = Development_Editor|x64
		{E28EC52F-B627-4A28-A070-CF9072952451}.Development|Linux.ActiveCfg = Linux_Development|Win32
		{E28EC52F-B627-4A28-A070-CF9072952451}.Development|Linux.Build.0 = Linux_Development|Win32
		{E28EC52F-B627-4A28-A070-CF9072952451}.Development|LinuxAArch64.ActiveCfg = LinuxAArch64_Development|Win32
		{E28EC52F-B627-4A28-A070-CF9072952451}.Development|LinuxAArch64.Build.0 = LinuxAArch64_Development|Win32
		{E28EC52F-B627-4A28-A070-CF9072952451}.Development|Win32.ActiveCfg = Development|Win32
		{E28EC52F-B627-4A28-A070-CF9072952451}.Development|Win32.Build.0 = Development|Win32
		{E28EC52F-B627-4A28-A070-CF9072952451}.Development|Win64.ActiveCfg = Development|x64
		{E28EC52F-B627-4A28-A070-CF9072952451}.Development|Win64.Build.0 = Development|x64
		{E28EC52F-B627-4A28-A070-CF9072952451}.Shipping|Linux.ActiveCfg = Linux_Shipping|Win32
		{E28EC52F-B627-4A28-A070-CF9072952451}.Shipping|Linux.Build.0 = Linux_Shipping|Win32
		{E28EC52F-B627-4A28-A070-CF9072952451}.Shipping|LinuxAArch64.ActiveCfg = LinuxAArch64_Shipping|Win32
		{E28EC52F-B627-4A28-A070-CF9072952451}.Shipping|LinuxAArch64.Build.0 = LinuxAArch64_Shipping|Win32
		{E28EC52F-B627-4A28-A070-CF9072952451}.Shipping|Win32.ActiveCfg = Shipping|Win32
		{E28EC52F-B627-4A28-A070-CF9072952451}.Shipping|Win32.Build.0 = Shipping|Win32
		{E28EC52F-B627-4A28-A070-CF9072952451}.Shipping|Win64.ActiveCfg = Shipping|x64
		{E28EC52F-B627-4A28-A070-CF9072952451}.Shipping|Win64.Build.0 = Shipping|x64
		{F2F0740D-658D-4579-8E2E-A445DEF2FF5E}.DebugGame Editor|Linux.ActiveCfg = BuiltWithUnrealBuildTool|Win32
		{F2F0740D-658D-4579-8E2E-A445DEF2FF5E}.DebugGame Editor|LinuxAArch64.ActiveCfg = BuiltWithUnrealBuildTool|Win32
		{F2F0740D-658D-4579-8E2E-A445DEF2FF5E}.DebugGame Editor|Win32.ActiveCfg = BuiltWithUnrealBuildTool|Win32
		{F2F0740D-658D-4579-8E2E-A445DEF2FF5E}.DebugGame Editor|Win64.ActiveCfg = BuiltWithUnrealBuildTool|Win32
		{F2F0740D-658D-4579-8E2E-A445DEF2FF5E}.DebugGame|Linux.ActiveCfg = BuiltWithUnrealBuildTool|Win32
		{F2F0740D-658D-4579-8E2E-A445DEF2FF5E}.DebugGame|LinuxAArch64.ActiveCfg = BuiltWithUnrealBuildTool|Win32
		{F2F0740D-658D-4579-8E2E-A445DEF2FF5E}.DebugGame|Win32.ActiveCfg = BuiltWithUnrealBuildTool|Win32
		{F2F0740D-658D-4579-8E2E-A445DEF2FF5E}.DebugGame|Win64.ActiveCfg = BuiltWithUnrealBuildTool|Win32
		{F2F0740D-658D-4579-8E2E-A445DEF2FF5E}.Development Editor|Linux.ActiveCfg = BuiltWithUnrealBuildTool|Win32
		{F2F0740D-658D-4579-8E2E-A445DEF2FF5E}.Development Editor|LinuxAArch64.ActiveCfg = BuiltWithUnrealBuildTool|Win32
		{F2F0740D-658D-4579-8E2E-A445DEF2FF5E}.Development Editor|Win32.ActiveCfg = BuiltWithUnrealBuildTool|Win32
		{F2F0740D-658D-4579-8E2E-A445DEF2FF5E}.Development Editor|Win64.ActiveCfg = BuiltWithUnrealBuildTool|Win32
		{F2F0740D-658D-4579-8E2E-A445DEF2FF5E}.Development|Linux.ActiveCfg = BuiltWithUnrealBuildTool|Win32
		{F2F0740D-658D-4579-8E2E-A445DEF2FF5E}.Development|LinuxAArch64.ActiveCfg = BuiltWithUnrealBuildTool|Win32
		{F2F0740D-658D-4579-8E2E-A445DEF2FF5E}.Development|Win32.ActiveCfg = BuiltWithUnrealBuildTool|Win32
		{F2F0740D-658D-4579-8E2E-A445DEF2FF5E}.Development|Win64.ActiveCfg = BuiltWithUnrealBuildTool|Win32
		{F2F0740D-658D-4579-8E2E-A445DEF2FF5E}.Shipping|Linux.ActiveCfg = BuiltWithUnrealBuildTool|Win32
		{F2F0740D-658D-4579-8E2E-A445DEF2FF5E}.Shipping|LinuxAArch64.ActiveCfg = BuiltWithUnrealBuildTool|Win32
		{F2F0740D-658D-4579-8E2E-A445DEF2FF5E}.Shipping|Win32.ActiveCfg = BuiltWithUnrealBuildTool|Win32
		{F2F0740D-658D-4579-8E2E-A445DEF2FF5E}.Shipping|Win64.ActiveCfg = BuiltWithUnrealBuildTool|Win32
	EndGlobalSection
	GlobalSection(SolutionProperties) = preSolution
		HideSolutionNode = FALSE
	EndGlobalSection
	GlobalSection(NestedProjects) = preSolution
		{F2F0740D-658D-4579-8E2E-A445DEF2FF5E} = {F3A0AAE4-3FFF-420F-8056-3C70CC67D7A4}
		{E28EC52F-B627-4A28-A070-CF9072952451} = {0017CE4B-913F-4F61-B586-C66C0B90BE06}
	EndGlobalSection
EndGlobal
